// !$*UTF8*$!
{
	archiveVersion = 1;
	classes = {
	};
	objectVersion = 50;
	objects = {

/* Begin PBXBuildFile section */
		8E3F2F4D22D175CE00C1F269 /* AppDelegate.swift in Sources */ = {isa = PBXBuildFile; fileRef = 8E3F2F4C22D175CE00C1F269 /* AppDelegate.swift */; };
		8E3F2F4F22D175CE00C1F269 /* ViewController.swift in Sources */ = {isa = PBXBuildFile; fileRef = 8E3F2F4E22D175CE00C1F269 /* ViewController.swift */; };
		8E3F2F5222D175CE00C1F269 /* Main.storyboard in Resources */ = {isa = PBXBuildFile; fileRef = 8E3F2F5022D175CE00C1F269 /* Main.storyboard */; };
		8E3F2F5422D175CF00C1F269 /* Assets.xcassets in Resources */ = {isa = PBXBuildFile; fileRef = 8E3F2F5322D175CF00C1F269 /* Assets.xcassets */; };
		8E3F2F5722D175CF00C1F269 /* LaunchScreen.storyboard in Resources */ = {isa = PBXBuildFile; fileRef = 8E3F2F5522D175CF00C1F269 /* LaunchScreen.storyboard */; };
		8E3F2F6222D175CF00C1F269 /* graficoEjemploTests.swift in Sources */ = {isa = PBXBuildFile; fileRef = 8E3F2F6122D175CF00C1F269 /* graficoEjemploTests.swift */; };
		8E3F2F6D22D175CF00C1F269 /* graficoEjemploUITests.swift in Sources */ = {isa = PBXBuildFile; fileRef = 8E3F2F6C22D175CF00C1F269 /* graficoEjemploUITests.swift */; };
/* End PBXBuildFile section */

/* Begin PBXContainerItemProxy section */
		8E3F2F5E22D175CF00C1F269 /* PBXContainerItemProxy */ = {
			isa = PBXContainerItemProxy;
			containerPortal = 8E3F2F4122D175CD00C1F269 /* Project object */;
			proxyType = 1;
			remoteGlobalIDString = 8E3F2F4822D175CE00C1F269;
			remoteInfo = graficoEjemplo;
		};
		8E3F2F6922D175CF00C1F269 /* PBXContainerItemProxy */ = {
			isa = PBXContainerItemProxy;
			containerPortal = 8E3F2F4122D175CD00C1F269 /* Project object */;
			proxyType = 1;
			remoteGlobalIDString = 8E3F2F4822D175CE00C1F269;
			remoteInfo = graficoEjemplo;
		};
/* End PBXContainerItemProxy section */

/* Begin PBXFileReference section */
		8E3F2F4922D175CE00C1F269 /* graficoEjemplo.app */ = {isa = PBXFileReference; explicitFileType = wrapper.application; includeInIndex = 0; path = graficoEjemplo.app; sourceTree = BUILT_PRODUCTS_DIR; };
		8E3F2F4C22D175CE00C1F269 /* AppDelegate.swift */ = {isa = PBXFileReference; lastKnownFileType = sourcecode.swift; path = AppDelegate.swift; sourceTree = "<group>"; };
		8E3F2F4E22D175CE00C1F269 /* ViewController.swift */ = {isa = PBXFileReference; lastKnownFileType = sourcecode.swift; path = ViewController.swift; sourceTree = "<group>"; };
		8E3F2F5122D175CE00C1F269 /* Base */ = {isa = PBXFileReference; lastKnownFileType = file.storyboard; name = Base; path = Base.lproj/Main.storyboard; sourceTree = "<group>"; };
		8E3F2F5322D175CF00C1F269 /* Assets.xcassets */ = {isa = PBXFileReference; lastKnownFileType = folder.assetcatalog; path = Assets.xcassets; sourceTree = "<group>"; };
		8E3F2F5622D175CF00C1F269 /* Base */ = {isa = PBXFileReference; lastKnownFileType = file.storyboard; name = Base; path = Base.lproj/LaunchScreen.storyboard; sourceTree = "<group>"; };
		8E3F2F5822D175CF00C1F269 /* Info.plist */ = {isa = PBXFileReference; lastKnownFileType = text.plist.xml; path = Info.plist; sourceTree = "<group>"; };
		8E3F2F5D22D175CF00C1F269 /* graficoEjemploTests.xctest */ = {isa = PBXFileReference; explicitFileType = wrapper.cfbundle; includeInIndex = 0; path = graficoEjemploTests.xctest; sourceTree = BUILT_PRODUCTS_DIR; };
		8E3F2F6122D175CF00C1F269 /* graficoEjemploTests.swift */ = {isa = PBXFileReference; lastKnownFileType = sourcecode.swift; path = graficoEjemploTests.swift; sourceTree = "<group>"; };
		8E3F2F6322D175CF00C1F269 /* Info.plist */ = {isa = PBXFileReference; lastKnownFileType = text.plist.xml; path = Info.plist; sourceTree = "<group>"; };
		8E3F2F6822D175CF00C1F269 /* graficoEjemploUITests.xctest */ = {isa = PBXFileReference; explicitFileType = wrapper.cfbundle; includeInIndex = 0; path = graficoEjemploUITests.xctest; sourceTree = BUILT_PRODUCTS_DIR; };
		8E3F2F6C22D175CF00C1F269 /* graficoEjemploUITests.swift */ = {isa = PBXFileReference; lastKnownFileType = sourcecode.swift; path = graficoEjemploUITests.swift; sourceTree = "<group>"; };
		8E3F2F6E22D175CF00C1F269 /* Info.plist */ = {isa = PBXFileReference; lastKnownFileType = text.plist.xml; path = Info.plist; sourceTree = "<group>"; };
/* End PBXFileReference section */

/* Begin PBXFrameworksBuildPhase section */
		8E3F2F4622D175CE00C1F269 /* Frameworks */ = {
			isa = PBXFrameworksBuildPhase;
			buildActionMask = 2147483647;
			files = (
			);
			runOnlyForDeploymentPostprocessing = 0;
		};
		8E3F2F5A22D175CF00C1F269 /* Frameworks */ = {
			isa = PBXFrameworksBuildPhase;
			buildActionMask = 2147483647;
			files = (
			);
			runOnlyForDeploymentPostprocessing = 0;
		};
		8E3F2F6522D175CF00C1F269 /* Frameworks */ = {
			isa = PBXFrameworksBuildPhase;
			buildActionMask = 2147483647;
			files = (
			);
			runOnlyForDeploymentPostprocessing = 0;
		};
/* End PBXFrameworksBuildPhase section */

/* Begin PBXGroup section */
		8E3F2F4022D175CD00C1F269 = {
			isa = PBXGroup;
			children = (
				8E3F2F4B22D175CE00C1F269 /* graficoEjemplo */,
				8E3F2F6022D175CF00C1F269 /* graficoEjemploTests */,
				8E3F2F6B22D175CF00C1F269 /* graficoEjemploUITests */,
				8E3F2F4A22D175CE00C1F269 /* Products */,
			);
			sourceTree = "<group>";
		};
		8E3F2F4A22D175CE00C1F269 /* Products */ = {
			isa = PBXGroup;
			children = (
				8E3F2F4922D175CE00C1F269 /* graficoEjemplo.app */,
				8E3F2F5D22D175CF00C1F269 /* graficoEjemploTests.xctest */,
				8E3F2F6822D175CF00C1F269 /* graficoEjemploUITests.xctest */,
			);
			name = Products;
			sourceTree = "<group>";
		};
		8E3F2F4B22D175CE00C1F269 /* graficoEjemplo */ = {
			isa = PBXGroup;
			children = (
				8E3F2F4C22D175CE00C1F269 /* AppDelegate.swift */,
				8E3F2F4E22D175CE00C1F269 /* ViewController.swift */,
				8E3F2F5022D175CE00C1F269 /* Main.storyboard */,
				8E3F2F5322D175CF00C1F269 /* Assets.xcassets */,
				8E3F2F5522D175CF00C1F269 /* LaunchScreen.storyboard */,
				8E3F2F5822D175CF00C1F269 /* Info.plist */,
			);
			path = graficoEjemplo;
			sourceTree = "<group>";
		};
		8E3F2F6022D175CF00C1F269 /* graficoEjemploTests */ = {
			isa = PBXGroup;
			children = (
				8E3F2F6122D175CF00C1F269 /* graficoEjemploTests.swift */,
				8E3F2F6322D175CF00C1F269 /* Info.plist */,
			);
			path = graficoEjemploTests;
			sourceTree = "<group>";
		};
		8E3F2F6B22D175CF00C1F269 /* graficoEjemploUITests */ = {
			isa = PBXGroup;
			children = (
				8E3F2F6C22D175CF00C1F269 /* graficoEjemploUITests.swift */,
				8E3F2F6E22D175CF00C1F269 /* Info.plist */,
			);
			path = graficoEjemploUITests;
			sourceTree = "<group>";
		};
/* End PBXGroup section */

/* Begin PBXNativeTarget section */
		8E3F2F4822D175CE00C1F269 /* graficoEjemplo */ = {
			isa = PBXNativeTarget;
			buildConfigurationList = 8E3F2F7122D175CF00C1F269 /* Build configuration list for PBXNativeTarget "graficoEjemplo" */;
			buildPhases = (
				8E3F2F4522D175CE00C1F269 /* Sources */,
				8E3F2F4622D175CE00C1F269 /* Frameworks */,
				8E3F2F4722D175CE00C1F269 /* Resources */,
			);
			buildRules = (
			);
			dependencies = (
			);
			name = graficoEjemplo;
			productName = graficoEjemplo;
			productReference = 8E3F2F4922D175CE00C1F269 /* graficoEjemplo.app */;
			productType = "com.apple.product-type.application";
		};
		8E3F2F5C22D175CF00C1F269 /* graficoEjemploTests */ = {
			isa = PBXNativeTarget;
			buildConfigurationList = 8E3F2F7422D175CF00C1F269 /* Build configuration list for PBXNativeTarget "graficoEjemploTests" */;
			buildPhases = (
				8E3F2F5922D175CF00C1F269 /* Sources */,
				8E3F2F5A22D175CF00C1F269 /* Frameworks */,
				8E3F2F5B22D175CF00C1F269 /* Resources */,
			);
			buildRules = (
			);
			dependencies = (
				8E3F2F5F22D175CF00C1F269 /* PBXTargetDependency */,
			);
			name = graficoEjemploTests;
			productName = graficoEjemploTests;
			productReference = 8E3F2F5D22D175CF00C1F269 /* graficoEjemploTests.xctest */;
			productType = "com.apple.product-type.bundle.unit-test";
		};
		8E3F2F6722D175CF00C1F269 /* graficoEjemploUITests */ = {
			isa = PBXNativeTarget;
			buildConfigurationList = 8E3F2F7722D175CF00C1F269 /* Build configuration list for PBXNativeTarget "graficoEjemploUITests" */;
			buildPhases = (
				8E3F2F6422D175CF00C1F269 /* Sources */,
				8E3F2F6522D175CF00C1F269 /* Frameworks */,
				8E3F2F6622D175CF00C1F269 /* Resources */,
			);
			buildRules = (
			);
			dependencies = (
				8E3F2F6A22D175CF00C1F269 /* PBXTargetDependency */,
			);
			name = graficoEjemploUITests;
			productName = graficoEjemploUITests;
			productReference = 8E3F2F6822D175CF00C1F269 /* graficoEjemploUITests.xctest */;
			productType = "com.apple.product-type.bundle.ui-testing";
		};
/* End PBXNativeTarget section */

/* Begin PBXProject section */
		8E3F2F4122D175CD00C1F269 /* Project object */ = {
			isa = PBXProject;
			attributes = {
				LastSwiftUpdateCheck = 1010;
				LastUpgradeCheck = 1010;
				ORGANIZATIONNAME = "Nestor Cortés";
				TargetAttributes = {
					8E3F2F4822D175CE00C1F269 = {
						CreatedOnToolsVersion = 10.1;
					};
					8E3F2F5C22D175CF00C1F269 = {
						CreatedOnToolsVersion = 10.1;
						TestTargetID = 8E3F2F4822D175CE00C1F269;
					};
					8E3F2F6722D175CF00C1F269 = {
						CreatedOnToolsVersion = 10.1;
						TestTargetID = 8E3F2F4822D175CE00C1F269;
					};
				};
			};
			buildConfigurationList = 8E3F2F4422D175CD00C1F269 /* Build configuration list for PBXProject "graficoEjemplo" */;
			compatibilityVersion = "Xcode 9.3";
			developmentRegion = en;
			hasScannedForEncodings = 0;
			knownRegions = (
				en,
				Base,
			);
			mainGroup = 8E3F2F4022D175CD00C1F269;
			productRefGroup = 8E3F2F4A22D175CE00C1F269 /* Products */;
			projectDirPath = "";
			projectRoot = "";
			targets = (
				8E3F2F4822D175CE00C1F269 /* graficoEjemplo */,
				8E3F2F5C22D175CF00C1F269 /* graficoEjemploTests */,
				8E3F2F6722D175CF00C1F269 /* graficoEjemploUITests */,
			);
		};
/* End PBXProject section */

/* Begin PBXResourcesBuildPhase section */
		8E3F2F4722D175CE00C1F269 /* Resources */ = {
			isa = PBXResourcesBuildPhase;
			buildActionMask = 2147483647;
			files = (
				8E3F2F5722D175CF00C1F269 /* LaunchScreen.storyboard in Resources */,
				8E3F2F5422D175CF00C1F269 /* Assets.xcassets in Resources */,
				8E3F2F5222D175CE00C1F269 /* Main.storyboard in Resources */,
			);
			runOnlyForDeploymentPostprocessing = 0;
		};
		8E3F2F5B22D175CF00C1F269 /* Resources */ = {
			isa = PBXResourcesBuildPhase;
			buildActionMask = 2147483647;
			files = (
			);
			runOnlyForDeploymentPostprocessing = 0;
		};
		8E3F2F6622D175CF00C1F269 /* Resources */ = {
			isa = PBXResourcesBuildPhase;
			buildActionMask = 2147483647;
			files = (
			);
			runOnlyForDeploymentPostprocessing = 0;
		};
/* End PBXResourcesBuildPhase section */

/* Begin PBXSourcesBuildPhase section */
		8E3F2F4522D175CE00C1F269 /* Sources */ = {
			isa = PBXSourcesBuildPhase;
			buildActionMask = 2147483647;
			files = (
				8E3F2F4F22D175CE00C1F269 /* ViewController.swift in Sources */,
				8E3F2F4D22D175CE00C1F269 /* AppDelegate.swift in Sources */,
			);
			runOnlyForDeploymentPostprocessing = 0;
		};
		8E3F2F5922D175CF00C1F269 /* Sources */ = {
			isa = PBXSourcesBuildPhase;
			buildActionMask = 2147483647;
			files = (
				8E3F2F6222D175CF00C1F269 /* graficoEjemploTests.swift in Sources */,
			);
			runOnlyForDeploymentPostprocessing = 0;
		};
		8E3F2F6422D175CF00C1F269 /* Sources */ = {
			isa = PBXSourcesBuildPhase;
			buildActionMask = 2147483647;
			files = (
				8E3F2F6D22D175CF00C1F269 /* graficoEjemploUITests.swift in Sources */,
			);
			runOnlyForDeploymentPostprocessing = 0;
		};
/* End PBXSourcesBuildPhase section */

/* Begin PBXTargetDependency section */
		8E3F2F5F22D175CF00C1F269 /* PBXTargetDependency */ = {
			isa = PBXTargetDependency;
			target = 8E3F2F4822D175CE00C1F269 /* graficoEjemplo */;
			targetProxy = 8E3F2F5E22D175CF00C1F269 /* PBXContainerItemProxy */;
		};
		8E3F2F6A22D175CF00C1F269 /* PBXTargetDependency */ = {
			isa = PBXTargetDependency;
			target = 8E3F2F4822D175CE00C1F269 /* graficoEjemplo */;
			targetProxy = 8E3F2F6922D175CF00C1F269 /* PBXContainerItemProxy */;
		};
/* End PBXTargetDependency section */

/* Begin PBXVariantGroup section */
		8E3F2F5022D175CE00C1F269 /* Main.storyboard */ = {
			isa = PBXVariantGroup;
			children = (
				8E3F2F5122D175CE00C1F269 /* Base */,
			);
			name = Main.storyboard;
			sourceTree = "<group>";
		};
		8E3F2F5522D175CF00C1F269 /* LaunchScreen.storyboard */ = {
			isa = PBXVariantGroup;
			children = (
				8E3F2F5622D175CF00C1F269 /* Base */,
			);
			name = LaunchScreen.storyboard;
			sourceTree = "<group>";
		};
/* End PBXVariantGroup section */

/* Begin XCBuildConfiguration section */
		8E3F2F6F22D175CF00C1F269 /* Debug */ = {
			isa = XCBuildConfiguration;
			buildSettings = {
				ALWAYS_SEARCH_USER_PATHS = NO;
				CLANG_ANALYZER_NONNULL = YES;
				CLANG_ANALYZER_NUMBER_OBJECT_CONVERSION = YES_AGGRESSIVE;
				CLANG_CXX_LANGUAGE_STANDARD = "gnu++14";
				CLANG_CXX_LIBRARY = "libc++";
				CLANG_ENABLE_MODULES = YES;
				CLANG_ENABLE_OBJC_ARC = YES;
				CLANG_ENABLE_OBJC_WEAK = YES;
				CLANG_WARN_BLOCK_CAPTURE_AUTORELEASING = YES;
				CLANG_WARN_BOOL_CONVERSION = YES;
				CLANG_WARN_COMMA = YES;
				CLANG_WARN_CONSTANT_CONVERSION = YES;
				CLANG_WARN_DEPRECATED_OBJC_IMPLEMENTATIONS = YES;
				CLANG_WARN_DIRECT_OBJC_ISA_USAGE = YES_ERROR;
				CLANG_WARN_DOCUMENTATION_COMMENTS = YES;
				CLANG_WARN_EMPTY_BODY = YES;
				CLANG_WARN_ENUM_CONVERSION = YES;
				CLANG_WARN_INFINITE_RECURSION = YES;
				CLANG_WARN_INT_CONVERSION = YES;
				CLANG_WARN_NON_LITERAL_NULL_CONVERSION = YES;
				CLANG_WARN_OBJC_IMPLICIT_RETAIN_SELF = YES;
				CLANG_WARN_OBJC_LITERAL_CONVERSION = YES;
				CLANG_WARN_OBJC_ROOT_CLASS = YES_ERROR;
				CLANG_WARN_RANGE_LOOP_ANALYSIS = YES;
				CLANG_WARN_STRICT_PROTOTYPES = YES;
				CLANG_WARN_SUSPICIOUS_MOVE = YES;
				CLANG_WARN_UNGUARDED_AVAILABILITY = YES_AGGRESSIVE;
				CLANG_WARN_UNREACHABLE_CODE = YES;
				CLANG_WARN__DUPLICATE_METHOD_MATCH = YES;
				CODE_SIGN_IDENTITY = "iPhone Developer";
				COPY_PHASE_STRIP = NO;
				DEBUG_INFORMATION_FORMAT = dwarf;
				ENABLE_STRICT_OBJC_MSGSEND = YES;
				ENABLE_TESTABILITY = YES;
				GCC_C_LANGUAGE_STANDARD = gnu11;
				GCC_DYNAMIC_NO_PIC = NO;
				GCC_NO_COMMON_BLOCKS = YES;
				GCC_OPTIMIZATION_LEVEL = 0;
				GCC_PREPROCESSOR_DEFINITIONS = (
					"DEBUG=1",
					"$(inherited)",
				);
				GCC_WARN_64_TO_32_BIT_CONVERSION = YES;
				GCC_WARN_ABOUT_RETURN_TYPE = YES_ERROR;
				GCC_WARN_UNDECLARED_SELECTOR = YES;
				GCC_WARN_UNINITIALIZED_AUTOS = YES_AGGRESSIVE;
				GCC_WARN_UNUSED_FUNCTION = YES;
				GCC_WARN_UNUSED_VARIABLE = YES;
				IPHONEOS_DEPLOYMENT_TARGET = 12.1;
				MTL_ENABLE_DEBUG_INFO = INCLUDE_SOURCE;
				MTL_FAST_MATH = YES;
				ONLY_ACTIVE_ARCH = YES;
				SDKROOT = iphoneos;
				SWIFT_ACTIVE_COMPILATION_CONDITIONS = DEBUG;
				SWIFT_OPTIMIZATION_LEVEL = "-Onone";
			};
			name = Debug;
		};
		8E3F2F7022D175CF00C1F269 /* Release */ = {
			isa = XCBuildConfiguration;
			buildSettings = {
				ALWAYS_SEARCH_USER_PATHS = NO;
				CLANG_ANALYZER_NONNULL = YES;
				CLANG_ANALYZER_NUMBER_OBJECT_CONVERSION = YES_AGGRESSIVE;
				CLANG_CXX_LANGUAGE_STANDARD = "gnu++14";
				CLANG_CXX_LIBRARY = "libc++";
				CLANG_ENABLE_MODULES = YES;
				CLANG_ENABLE_OBJC_ARC = YES;
				CLANG_ENABLE_OBJC_WEAK = YES;
				CLANG_WARN_BLOCK_CAPTURE_AUTORELEASING = YES;
				CLANG_WARN_BOOL_CONVERSION = YES;
				CLANG_WARN_COMMA = YES;
				CLANG_WARN_CONSTANT_CONVERSION = YES;
				CLANG_WARN_DEPRECATED_OBJC_IMPLEMENTATIONS = YES;
				CLANG_WARN_DIRECT_OBJC_ISA_USAGE = YES_ERROR;
				CLANG_WARN_DOCUMENTATION_COMMENTS = YES;
				CLANG_WARN_EMPTY_BODY = YES;
				CLANG_WARN_ENUM_CONVERSION = YES;
				CLANG_WARN_INFINITE_RECURSION = YES;
				CLANG_WARN_INT_CONVERSION = YES;
				CLANG_WARN_NON_LITERAL_NULL_CONVERSION = YES;
				CLANG_WARN_OBJC_IMPLICIT_RETAIN_SELF = YES;
				CLANG_WARN_OBJC_LITERAL_CONVERSION = YES;
				CLANG_WARN_OBJC_ROOT_CLASS = YES_ERROR;
				CLANG_WARN_RANGE_LOOP_ANALYSIS = YES;
				CLANG_WARN_STRICT_PROTOTYPES = YES;
				CLANG_WARN_SUSPICIOUS_MOVE = YES;
				CLANG_WARN_UNGUARDED_AVAILABILITY = YES_AGGRESSIVE;
				CLANG_WARN_UNREACHABLE_CODE = YES;
				CLANG_WARN__DUPLICATE_METHOD_MATCH = YES;
				CODE_SIGN_IDENTITY = "iPhone Developer";
				COPY_PHASE_STRIP = NO;
				DEBUG_INFORMATION_FORMAT = "dwarf-with-dsym";
				ENABLE_NS_ASSERTIONS = NO;
				ENABLE_STRICT_OBJC_MSGSEND = YES;
				GCC_C_LANGUAGE_STANDARD = gnu11;
				GCC_NO_COMMON_BLOCKS = YES;
				GCC_WARN_64_TO_32_BIT_CONVERSION = YES;
				GCC_WARN_ABOUT_RETURN_TYPE = YES_ERROR;
				GCC_WARN_UNDECLARED_SELECTOR = YES;
				GCC_WARN_UNINITIALIZED_AUTOS = YES_AGGRESSIVE;
				GCC_WARN_UNUSED_FUNCTION = YES;
				GCC_WARN_UNUSED_VARIABLE = YES;
				IPHONEOS_DEPLOYMENT_TARGET = 12.1;
				MTL_ENABLE_DEBUG_INFO = NO;
				MTL_FAST_MATH = YES;
				SDKROOT = iphoneos;
				SWIFT_COMPILATION_MODE = wholemodule;
				SWIFT_OPTIMIZATION_LEVEL = "-O";
				VALIDATE_PRODUCT = YES;
			};
			name = Release;
		};
		8E3F2F7222D175CF00C1F269 /* Debug */ = {
			isa = XCBuildConfiguration;
			buildSettings = {
				ASSETCATALOG_COMPILER_APPICON_NAME = AppIcon;
				CODE_SIGN_STYLE = Automatic;
				DEVELOPMENT_TEAM = WD6WG5D7GN;
				INFOPLIST_FILE = graficoEjemplo/Info.plist;
				LD_RUNPATH_SEARCH_PATHS = (
					"$(inherited)",
					"@executable_path/Frameworks",
				);
				PRODUCT_BUNDLE_IDENTIFIER = com.nj.graficoSimple.graficoEjemplo;
				PRODUCT_NAME = "$(TARGET_NAME)";
				SWIFT_VERSION = 4.2;
				TARGETED_DEVICE_FAMILY = "1,2";
			};
			name = Debug;
		};
		8E3F2F7322D175CF00C1F269 /* Release */ = {
			isa = XCBuildConfiguration;
			buildSettings = {
				ASSETCATALOG_COMPILER_APPICON_NAME = AppIcon;
				CODE_SIGN_STYLE = Automatic;
				DEVELOPMENT_TEAM = WD6WG5D7GN;
				INFOPLIST_FILE = graficoEjemplo/Info.plist;
				LD_RUNPATH_SEARCH_PATHS = (
					"$(inherited)",
					"@executable_path/Frameworks",
				);
				PRODUCT_BUNDLE_IDENTIFIER = com.nj.graficoSimple.graficoEjemplo;
				PRODUCT_NAME = "$(TARGET_NAME)";
				SWIFT_VERSION = 4.2;
				TARGETED_DEVICE_FAMILY = "1,2";
			};
			name = Release;
		};
		8E3F2F7522D175CF00C1F269 /* Debug */ = {
			isa = XCBuildConfiguration;
			buildSettings = {
				ALWAYS_EMBED_SWIFT_STANDARD_LIBRARIES = YES;
				BUNDLE_LOADER = "$(TEST_HOST)";
				CODE_SIGN_STYLE = Automatic;
				DEVELOPMENT_TEAM = WD6WG5D7GN;
				INFOPLIST_FILE = graficoEjemploTests/Info.plist;
				LD_RUNPATH_SEARCH_PATHS = (
					"$(inherited)",
					"@executable_path/Frameworks",
					"@loader_path/Frameworks",
				);
				PRODUCT_BUNDLE_IDENTIFIER = com.nj.graficoSimple.graficoEjemploTests;
				PRODUCT_NAME = "$(TARGET_NAME)";
				SWIFT_VERSION = 4.2;
				TARGETED_DEVICE_FAMILY = "1,2";
				TEST_HOST = "$(BUILT_PRODUCTS_DIR)/graficoEjemplo.app/graficoEjemplo";
			};
			name = Debug;
		};
		8E3F2F7622D175CF00C1F269 /* Release */ = {
			isa = XCBuildConfiguration;
			buildSettings = {
				ALWAYS_EMBED_SWIFT_STANDARD_LIBRARIES = YES;
				BUNDLE_LOADER = "$(TEST_HOST)";
				CODE_SIGN_STYLE = Automatic;
				DEVELOPMENT_TEAM = WD6WG5D7GN;
				INFOPLIST_FILE = graficoEjemploTests/Info.plist;
				LD_RUNPATH_SEARCH_PATHS = (
					"$(inherited)",
					"@executable_path/Frameworks",
					"@loader_path/Frameworks",
				);
				PRODUCT_BUNDLE_IDENTIFIER = com.nj.graficoSimple.graficoEjemploTests;
				PRODUCT_NAME = "$(TARGET_NAME)";
				SWIFT_VERSION = 4.2;
				TARGETED_DEVICE_FAMILY = "1,2";
				TEST_HOST = "$(BUILT_PRODUCTS_DIR)/graficoEjemplo.app/graficoEjemplo";
			};
			name = Release;
		};
		8E3F2F7822D175CF00C1F269 /* Debug */ = {
			isa = XCBuildConfiguration;
			buildSettings = {
				ALWAYS_EMBED_SWIFT_STANDARD_LIBRARIES = YES;
				CODE_SIGN_STYLE = Automatic;
				DEVELOPMENT_TEAM = WD6WG5D7GN;
				INFOPLIST_FILE = graficoEjemploUITests/Info.plist;
				LD_RUNPATH_SEARCH_PATHS = (
					"$(inherited)",
					"@executable_path/Frameworks",
					"@loader_path/Frameworks",
				);
				PRODUCT_BUNDLE_IDENTIFIER = com.nj.graficoSimple.graficoEjemploUITests;
				PRODUCT_NAME = "$(TARGET_NAME)";
				SWIFT_VERSION = 4.2;
				TARGETED_DEVICE_FAMILY = "1,2";
				TEST_TARGET_NAME = graficoEjemplo;
			};
			name = Debug;
		};
		8E3F2F7922D175CF00C1F269 /* Release */ = {
			isa = XCBuildConfiguration;
			buildSettings = {
				ALWAYS_EMBED_SWIFT_STANDARD_LIBRARIES = YES;
				CODE_SIGN_STYLE = Automatic;
				DEVELOPMENT_TEAM = WD6WG5D7GN;
				INFOPLIST_FILE = graficoEjemploUITests/Info.plist;
				LD_RUNPATH_SEARCH_PATHS = (
					"$(inherited)",
					"@executable_path/Frameworks",
					"@loader_path/Frameworks",
				);
				PRODUCT_BUNDLE_IDENTIFIER = com.nj.graficoSimple.graficoEjemploUITests;
				PRODUCT_NAME = "$(TARGET_NAME)";
				SWIFT_VERSION = 4.2;
				TARGETED_DEVICE_FAMILY = "1,2";
				TEST_TARGET_NAME = graficoEjemplo;
			};
			name = Release;
		};
/* End XCBuildConfiguration section */

/* Begin XCConfigurationList section */
		8E3F2F4422D175CD00C1F269 /* Build configuration list for PBXProject "graficoEjemplo" */ = {
			isa = XCConfigurationList;
			buildConfigurations = (
				8E3F2F6F22D175CF00C1F269 /* Debug */,
				8E3F2F7022D175CF00C1F269 /* Release */,
			);
			defaultConfigurationIsVisible = 0;
			defaultConfigurationName = Release;
		};
		8E3F2F7122D175CF00C1F269 /* Build configuration list for PBXNativeTarget "graficoEjemplo" */ = {
			isa = XCConfigurationList;
			buildConfigurations = (
				8E3F2F7222D175CF00C1F269 /* Debug */,
				8E3F2F7322D175CF00C1F269 /* Release */,
			);
			defaultConfigurationIsVisible = 0;
			defaultConfigurationName = Release;
		};
		8E3F2F7422D175CF00C1F269 /* Build configuration list for PBXNativeTarget "graficoEjemploTests" */ = {
			isa = XCConfigurationList;
			buildConfigurations = (
				8E3F2F7522D175CF00C1F269 /* Debug */,
				8E3F2F7622D175CF00C1F269 /* Release */,
			);
			defaultConfigurationIsVisible = 0;
			defaultConfigurationName = Release;
		};
		8E3F2F7722D175CF00C1F269 /* Build configuration list for PBXNativeTarget "graficoEjemploUITests" */ = {
			isa = XCConfigurationList;
			buildConfigurations = (
				8E3F2F7822D175CF00C1F269 /* Debug */,
				8E3F2F7922D175CF00C1F269 /* Release */,
			);
			defaultConfigurationIsVisible = 0;
			defaultConfigurationName = Release;
		};
/* End XCConfigurationList section */
	};
	rootObject = 8E3F2F4122D175CD00C1F269 /* Project object */;
}
